Microsoft Visual Studio Solution File, Format Version 12.00
# Visual Studio Version 17
VisualStudioVersion = 17.5.2.0
MinimumVisualStudioVersion = 10.0.40219.1
Project("{FAE04EC0-301F-11D3-BF4B-00C04F79EFBC}") = "Naidis_IKTpv25", "Naidis_IKTpv25.csproj", "{731AE5DB-3CD8-1CC1-CE80-E93A28DFCECA}"
EndProject
Global
	GlobalSection(SolutionConfigurationPlatforms) = preSolution
		Debug|Any CPU = Debug|Any CPU
		Release|Any CPU = Release|Any CPU
	EndGlobalSection
	GlobalSection(ProjectConfigurationPlatforms) = postSolution
		{731AE5DB-3CD8-1CC1-CE80-E93A28DFCECA}.Debug|Any CPU.ActiveCfg = Debug|Any CPU
		{731AE5DB-3CD8-1CC1-CE80-E93A28DFCECA}.Debug|Any CPU.Build.0 = Debug|Any CPU
		{731AE5DB-3CD8-1CC1-CE80-E93A28DFCECA}.Release|Any CPU.ActiveCfg = Release|Any CPU
		{731AE5DB-3CD8-1CC1-CE80-E93A28DFCECA}.Release|Any CPU.Build.0 = Release|Any CPU
	EndGlobalSection
	GlobalSection(SolutionProperties) = preSolution
		HideSolutionNode = FALSE
	EndGlobalSection
	GlobalSection(ExtensibilityGlobals) = postSolution
		SolutionGuid = {E557EF94-B84D-4511-834C-25BC178BB676}
	EndGlobalSection
EndGlobal
